
Microsoft Visual Studio Solution File, Format Version 11.00
# Visual C# Express 2010
Project("{FAE04EC0-301F-11D3-BF4B-00C04F79EFBC}") = "tp2_1", "tp2_1\tp2_1.csproj", "{7DF28241-F71D-445A-A8F9-CE13EDF2482E}"
EndProject
Global
	GlobalSection(SolutionConfigurationPlatforms) = preSolution
		Debug|x86 = Debug|x86
		Release|x86 = Release|x86
	EndGlobalSection
	GlobalSection(ProjectConfigurationPlatforms) = postSolution
		{7DF28241-F71D-445A-A8F9-CE13EDF2482E}.Debug|x86.ActiveCfg = Debug|x86
		{7DF28241-F71D-445A-A8F9-CE13EDF2482E}.Debug|x86.Build.0 = Debug|x86
		{7DF28241-F71D-445A-A8F9-CE13EDF2482E}.Release|x86.ActiveCfg = Release|x86
		{7DF28241-F71D-445A-A8F9-CE13EDF2482E}.Release|x86.Build.0 = Release|x86
	EndGlobalSection
	GlobalSection(SolutionProperties) = preSolution
		HideSolutionNode = FALSE
	EndGlobalSection
EndGlobal
